
Microsoft Visual Studio Solution File, Format Version 12.00
# Visual Studio Version 17
VisualStudioVersion = 17.0.31903.59
MinimumVisualStudioVersion = 10.0.40219.1
Project("{2150E333-8FDC-42A3-9474-1A3956D46DE8}") = "src", "src", "{827E0CD3-B72D-47B6-A68D-7590B98EB39B}"
EndProject
Project("{FAE04EC0-301F-11D3-BF4B-00C04F79EFBC}") = "Fleet.Agent", "src\Fleet.Agent\Fleet.Agent.csproj", "{8E21DEF5-AA9D-438F-834E-83F3E3FC3988}"
EndProject
Project("{FAE04EC0-301F-11D3-BF4B-00C04F79EFBC}") = "Fleet.Memory", "src\Fleet.Memory\Fleet.Memory.csproj", "{A1B2C3D4-E5F6-7890-ABCD-EF1234567890}"
EndProject
Project("{FAE04EC0-301F-11D3-BF4B-00C04F79EFBC}") = "Fleet.Bridge", "src\Fleet.Bridge\Fleet.Bridge.csproj", "{B1C2D3E4-F5A6-7890-BCDE-FA1234567890}"
EndProject
Project("{FAE04EC0-301F-11D3-BF4B-00C04F79EFBC}") = "Fleet.Shared", "src\Fleet.Shared\Fleet.Shared.csproj", "{0E3EDEC6-DEF1-440D-B045-A034E8103927}"
EndProject
Project("{2150E333-8FDC-42A3-9474-1A3956D46DE8}") = "tests", "tests", "{0AB3BF05-4346-4AA6-1389-037BE0695223}"
EndProject
Project("{FAE04EC0-301F-11D3-BF4B-00C04F79EFBC}") = "Fleet.Agent.Tests", "tests\Fleet.Agent.Tests\Fleet.Agent.Tests.csproj", "{7FF0BB35-247F-467A-9EE7-68F3739617FE}"
EndProject
Project("{FAE04EC0-301F-11D3-BF4B-00C04F79EFBC}") = "Fleet.Temporal.Tests", "tests\Fleet.Temporal.Tests\Fleet.Temporal.Tests.csproj", "{96EB35C0-DE68-4249-8DA2-39728A27365F}"
EndProject
Project("{FAE04EC0-301F-11D3-BF4B-00C04F79EFBC}") = "Fleet.Temporal", "src\Fleet.Temporal\Fleet.Temporal.csproj", "{3D14DB73-1720-4B35-B463-D734E31FC92A}"
EndProject
Project("{FAE04EC0-301F-11D3-BF4B-00C04F79EFBC}") = "Fleet.Telegram", "src\Fleet.Telegram\Fleet.Telegram.csproj", "{C2D3E4F5-A6B7-8901-CDEF-AB1234567890}"
EndProject
Project("{FAE04EC0-301F-11D3-BF4B-00C04F79EFBC}") = "Fleet.Memory.Tests", "tests\Fleet.Memory.Tests\Fleet.Memory.Tests.csproj", "{2E5B59AB-E5CB-45AC-BA84-1D8B00D7FD61}"
EndProject
Project("{FAE04EC0-301F-11D3-BF4B-00C04F79EFBC}") = "Fleet.Orchestrator.Tests", "tests\Fleet.Orchestrator.Tests\Fleet.Orchestrator.Tests.csproj", "{0671E393-4007-4FA1-876D-1DC924F6DC6A}"
EndProject
Project("{FAE04EC0-301F-11D3-BF4B-00C04F79EFBC}") = "Fleet.Orchestrator", "src\Fleet.Orchestrator\Fleet.Orchestrator.csproj", "{6FAC3B02-3F6F-4CF7-9714-A8099A63F47E}"
EndProject
Global
	GlobalSection(SolutionConfigurationPlatforms) = preSolution
		Debug|Any CPU = Debug|Any CPU
		Debug|x64 = Debug|x64
		Debug|x86 = Debug|x86
		Release|Any CPU = Release|Any CPU
		Release|x64 = Release|x64
		Release|x86 = Release|x86
	EndGlobalSection
	GlobalSection(ProjectConfigurationPlatforms) = postSolution
		{8E21DEF5-AA9D-438F-834E-83F3E3FC3988}.Debug|Any CPU.ActiveCfg = Debug|Any CPU
		{8E21DEF5-AA9D-438F-834E-83F3E3FC3988}.Debug|Any CPU.Build.0 = Debug|Any CPU
		{8E21DEF5-AA9D-438F-834E-83F3E3FC3988}.Debug|x64.ActiveCfg = Debug|Any CPU
		{8E21DEF5-AA9D-438F-834E-83F3E3FC3988}.Debug|x64.Build.0 = Debug|Any CPU
		{8E21DEF5-AA9D-438F-834E-83F3E3FC3988}.Debug|x86.ActiveCfg = Debug|Any CPU
		{8E21DEF5-AA9D-438F-834E-83F3E3FC3988}.Debug|x86.Build.0 = Debug|Any CPU
		{8E21DEF5-AA9D-438F-834E-83F3E3FC3988}.Release|Any CPU.ActiveCfg = Release|Any CPU
		{8E21DEF5-AA9D-438F-834E-83F3E3FC3988}.Release|Any CPU.Build.0 = Release|Any CPU
		{8E21DEF5-AA9D-438F-834E-83F3E3FC3988}.Release|x64.ActiveCfg = Release|Any CPU
		{8E21DEF5-AA9D-438F-834E-83F3E3FC3988}.Release|x64.Build.0 = Release|Any CPU
		{8E21DEF5-AA9D-438F-834E-83F3E3FC3988}.Release|x86.ActiveCfg = Release|Any CPU
		{8E21DEF5-AA9D-438F-834E-83F3E3FC3988}.Release|x86.Build.0 = Release|Any CPU
		{A1B2C3D4-E5F6-7890-ABCD-EF1234567890}.Debug|Any CPU.ActiveCfg = Debug|Any CPU
		{A1B2C3D4-E5F6-7890-ABCD-EF1234567890}.Debug|Any CPU.Build.0 = Debug|Any CPU
		{A1B2C3D4-E5F6-7890-ABCD-EF1234567890}.Debug|x64.ActiveCfg = Debug|Any CPU
		{A1B2C3D4-E5F6-7890-ABCD-EF1234567890}.Debug|x64.Build.0 = Debug|Any CPU
		{A1B2C3D4-E5F6-7890-ABCD-EF1234567890}.Debug|x86.ActiveCfg = Debug|Any CPU
		{A1B2C3D4-E5F6-7890-ABCD-EF1234567890}.Debug|x86.Build.0 = Debug|Any CPU
		{A1B2C3D4-E5F6-7890-ABCD-EF1234567890}.Release|Any CPU.ActiveCfg = Release|Any CPU
		{A1B2C3D4-E5F6-7890-ABCD-EF1234567890}.Release|Any CPU.Build.0 = Release|Any CPU
		{A1B2C3D4-E5F6-7890-ABCD-EF1234567890}.Release|x64.ActiveCfg = Release|Any CPU
		{A1B2C3D4-E5F6-7890-ABCD-EF1234567890}.Release|x64.Build.0 = Release|Any CPU
		{A1B2C3D4-E5F6-7890-ABCD-EF1234567890}.Release|x86.ActiveCfg = Release|Any CPU
		{A1B2C3D4-E5F6-7890-ABCD-EF1234567890}.Release|x86.Build.0 = Release|Any CPU
		{B1C2D3E4-F5A6-7890-BCDE-FA1234567890}.Debug|Any CPU.ActiveCfg = Debug|Any CPU
		{B1C2D3E4-F5A6-7890-BCDE-FA1234567890}.Debug|Any CPU.Build.0 = Debug|Any CPU
		{B1C2D3E4-F5A6-7890-BCDE-FA1234567890}.Debug|x64.ActiveCfg = Debug|Any CPU
		{B1C2D3E4-F5A6-7890-BCDE-FA1234567890}.Debug|x64.Build.0 = Debug|Any CPU
		{B1C2D3E4-F5A6-7890-BCDE-FA1234567890}.Debug|x86.ActiveCfg = Debug|Any CPU
		{B1C2D3E4-F5A6-7890-BCDE-FA1234567890}.Debug|x86.Build.0 = Debug|Any CPU
		{B1C2D3E4-F5A6-7890-BCDE-FA1234567890}.Release|Any CPU.ActiveCfg = Release|Any CPU
		{B1C2D3E4-F5A6-7890-BCDE-FA1234567890}.Release|Any CPU.Build.0 = Release|Any CPU
		{B1C2D3E4-F5A6-7890-BCDE-FA1234567890}.Release|x64.ActiveCfg = Release|Any CPU
		{B1C2D3E4-F5A6-7890-BCDE-FA1234567890}.Release|x64.Build.0 = Release|Any CPU
		{B1C2D3E4-F5A6-7890-BCDE-FA1234567890}.Release|x86.ActiveCfg = Release|Any CPU
		{B1C2D3E4-F5A6-7890-BCDE-FA1234567890}.Release|x86.Build.0 = Release|Any CPU
		{0E3EDEC6-DEF1-440D-B045-A034E8103927}.Debug|Any CPU.ActiveCfg = Debug|Any CPU
		{0E3EDEC6-DEF1-440D-B045-A034E8103927}.Debug|Any CPU.Build.0 = Debug|Any CPU
		{0E3EDEC6-DEF1-440D-B045-A034E8103927}.Debug|x64.ActiveCfg = Debug|Any CPU
		{0E3EDEC6-DEF1-440D-B045-A034E8103927}.Debug|x64.Build.0 = Debug|Any CPU
		{0E3EDEC6-DEF1-440D-B045-A034E8103927}.Debug|x86.ActiveCfg = Debug|Any CPU
		{0E3EDEC6-DEF1-440D-B045-A034E8103927}.Debug|x86.Build.0 = Debug|Any CPU
		{0E3EDEC6-DEF1-440D-B045-A034E8103927}.Release|Any CPU.ActiveCfg = Release|Any CPU
		{0E3EDEC6-DEF1-440D-B045-A034E8103927}.Release|Any CPU.Build.0 = Release|Any CPU
		{0E3EDEC6-DEF1-440D-B045-A034E8103927}.Release|x64.ActiveCfg = Release|Any CPU
		{0E3EDEC6-DEF1-440D-B045-A034E8103927}.Release|x64.Build.0 = Release|Any CPU
		{0E3EDEC6-DEF1-440D-B045-A034E8103927}.Release|x86.ActiveCfg = Release|Any CPU
		{0E3EDEC6-DEF1-440D-B045-A034E8103927}.Release|x86.Build.0 = Release|Any CPU
		{7FF0BB35-247F-467A-9EE7-68F3739617FE}.Debug|Any CPU.ActiveCfg = Debug|Any CPU
		{7FF0BB35-247F-467A-9EE7-68F3739617FE}.Debug|Any CPU.Build.0 = Debug|Any CPU
		{7FF0BB35-247F-467A-9EE7-68F3739617FE}.Debug|x64.ActiveCfg = Debug|Any CPU
		{7FF0BB35-247F-467A-9EE7-68F3739617FE}.Debug|x64.Build.0 = Debug|Any CPU
		{7FF0BB35-247F-467A-9EE7-68F3739617FE}.Debug|x86.ActiveCfg = Debug|Any CPU
		{7FF0BB35-247F-467A-9EE7-68F3739617FE}.Debug|x86.Build.0 = Debug|Any CPU
		{7FF0BB35-247F-467A-9EE7-68F3739617FE}.Release|Any CPU.ActiveCfg = Release|Any CPU
		{7FF0BB35-247F-467A-9EE7-68F3739617FE}.Release|Any CPU.Build.0 = Release|Any CPU
		{7FF0BB35-247F-467A-9EE7-68F3739617FE}.Release|x64.ActiveCfg = Release|Any CPU
		{7FF0BB35-247F-467A-9EE7-68F3739617FE}.Release|x64.Build.0 = Release|Any CPU
		{7FF0BB35-247F-467A-9EE7-68F3739617FE}.Release|x86.ActiveCfg = Release|Any CPU
		{7FF0BB35-247F-467A-9EE7-68F3739617FE}.Release|x86.Build.0 = Release|Any CPU
		{96EB35C0-DE68-4249-8DA2-39728A27365F}.Debug|Any CPU.ActiveCfg = Debug|Any CPU
		{96EB35C0-DE68-4249-8DA2-39728A27365F}.Debug|Any CPU.Build.0 = Debug|Any CPU
		{96EB35C0-DE68-4249-8DA2-39728A27365F}.Debug|x64.ActiveCfg = Debug|Any CPU
		{96EB35C0-DE68-4249-8DA2-39728A27365F}.Debug|x64.Build.0 = Debug|Any CPU
		{96EB35C0-DE68-4249-8DA2-39728A27365F}.Debug|x86.ActiveCfg = Debug|Any CPU
		{96EB35C0-DE68-4249-8DA2-39728A27365F}.Debug|x86.Build.0 = Debug|Any CPU
		{96EB35C0-DE68-4249-8DA2-39728A27365F}.Release|Any CPU.ActiveCfg = Release|Any CPU
		{96EB35C0-DE68-4249-8DA2-39728A27365F}.Release|Any CPU.Build.0 = Release|Any CPU
		{96EB35C0-DE68-4249-8DA2-39728A27365F}.Release|x64.ActiveCfg = Release|Any CPU
		{96EB35C0-DE68-4249-8DA2-39728A27365F}.Release|x64.Build.0 = Release|Any CPU
		{96EB35C0-DE68-4249-8DA2-39728A27365F}.Release|x86.ActiveCfg = Release|Any CPU
		{96EB35C0-DE68-4249-8DA2-39728A27365F}.Release|x86.Build.0 = Release|Any CPU
		{3D14DB73-1720-4B35-B463-D734E31FC92A}.Debug|Any CPU.ActiveCfg = Debug|Any CPU
		{3D14DB73-1720-4B35-B463-D734E31FC92A}.Debug|Any CPU.Build.0 = Debug|Any CPU
		{3D14DB73-1720-4B35-B463-D734E31FC92A}.Debug|x64.ActiveCfg = Debug|Any CPU
		{3D14DB73-1720-4B35-B463-D734E31FC92A}.Debug|x64.Build.0 = Debug|Any CPU
		{3D14DB73-1720-4B35-B463-D734E31FC92A}.Debug|x86.ActiveCfg = Debug|Any CPU
		{3D14DB73-1720-4B35-B463-D734E31FC92A}.Debug|x86.Build.0 = Debug|Any CPU
		{3D14DB73-1720-4B35-B463-D734E31FC92A}.Release|Any CPU.ActiveCfg = Release|Any CPU
		{3D14DB73-1720-4B35-B463-D734E31FC92A}.Release|Any CPU.Build.0 = Release|Any CPU
		{3D14DB73-1720-4B35-B463-D734E31FC92A}.Release|x64.ActiveCfg = Release|Any CPU
		{3D14DB73-1720-4B35-B463-D734E31FC92A}.Release|x64.Build.0 = Release|Any CPU
		{3D14DB73-1720-4B35-B463-D734E31FC92A}.Release|x86.ActiveCfg = Release|Any CPU
		{3D14DB73-1720-4B35-B463-D734E31FC92A}.Release|x86.Build.0 = Release|Any CPU
		{C2D3E4F5-A6B7-8901-CDEF-AB1234567890}.Debug|Any CPU.ActiveCfg = Debug|Any CPU
		{C2D3E4F5-A6B7-8901-CDEF-AB1234567890}.Debug|Any CPU.Build.0 = Debug|Any CPU
		{C2D3E4F5-A6B7-8901-CDEF-AB1234567890}.Debug|x64.ActiveCfg = Debug|Any CPU
		{C2D3E4F5-A6B7-8901-CDEF-AB1234567890}.Debug|x64.Build.0 = Debug|Any CPU
		{C2D3E4F5-A6B7-8901-CDEF-AB1234567890}.Debug|x86.ActiveCfg = Debug|Any CPU
		{C2D3E4F5-A6B7-8901-CDEF-AB1234567890}.Debug|x86.Build.0 = Debug|Any CPU
		{C2D3E4F5-A6B7-8901-CDEF-AB1234567890}.Release|Any CPU.ActiveCfg = Release|Any CPU
		{C2D3E4F5-A6B7-8901-CDEF-AB1234567890}.Release|Any CPU.Build.0 = Release|Any CPU
		{C2D3E4F5-A6B7-8901-CDEF-AB1234567890}.Release|x64.ActiveCfg = Release|Any CPU
		{C2D3E4F5-A6B7-8901-CDEF-AB1234567890}.Release|x64.Build.0 = Release|Any CPU
		{C2D3E4F5-A6B7-8901-CDEF-AB1234567890}.Release|x86.ActiveCfg = Release|Any CPU
		{C2D3E4F5-A6B7-8901-CDEF-AB1234567890}.Release|x86.Build.0 = Release|Any CPU
		{2E5B59AB-E5CB-45AC-BA84-1D8B00D7FD61}.Debug|Any CPU.ActiveCfg = Debug|Any CPU
		{2E5B59AB-E5CB-45AC-BA84-1D8B00D7FD61}.Debug|Any CPU.Build.0 = Debug|Any CPU
		{2E5B59AB-E5CB-45AC-BA84-1D8B00D7FD61}.Debug|x64.ActiveCfg = Debug|Any CPU
		{2E5B59AB-E5CB-45AC-BA84-1D8B00D7FD61}.Debug|x64.Build.0 = Debug|Any CPU
		{2E5B59AB-E5CB-45AC-BA84-1D8B00D7FD61}.Debug|x86.ActiveCfg = Debug|Any CPU
		{2E5B59AB-E5CB-45AC-BA84-1D8B00D7FD61}.Debug|x86.Build.0 = Debug|Any CPU
		{2E5B59AB-E5CB-45AC-BA84-1D8B00D7FD61}.Release|Any CPU.ActiveCfg = Release|Any CPU
		{2E5B59AB-E5CB-45AC-BA84-1D8B00D7FD61}.Release|Any CPU.Build.0 = Release|Any CPU
		{2E5B59AB-E5CB-45AC-BA84-1D8B00D7FD61}.Release|x64.ActiveCfg = Release|Any CPU
		{2E5B59AB-E5CB-45AC-BA84-1D8B00D7FD61}.Release|x64.Build.0 = Release|Any CPU
		{2E5B59AB-E5CB-45AC-BA84-1D8B00D7FD61}.Release|x86.ActiveCfg = Release|Any CPU
		{2E5B59AB-E5CB-45AC-BA84-1D8B00D7FD61}.Release|x86.Build.0 = Release|Any CPU
		{0671E393-4007-4FA1-876D-1DC924F6DC6A}.Debug|Any CPU.ActiveCfg = Debug|Any CPU
		{0671E393-4007-4FA1-876D-1DC924F6DC6A}.Debug|Any CPU.Build.0 = Debug|Any CPU
		{0671E393-4007-4FA1-876D-1DC924F6DC6A}.Debug|x64.ActiveCfg = Debug|Any CPU
		{0671E393-4007-4FA1-876D-1DC924F6DC6A}.Debug|x64.Build.0 = Debug|Any CPU
		{0671E393-4007-4FA1-876D-1DC924F6DC6A}.Debug|x86.ActiveCfg = Debug|Any CPU
		{0671E393-4007-4FA1-876D-1DC924F6DC6A}.Debug|x86.Build.0 = Debug|Any CPU
		{0671E393-4007-4FA1-876D-1DC924F6DC6A}.Release|Any CPU.ActiveCfg = Release|Any CPU
		{0671E393-4007-4FA1-876D-1DC924F6DC6A}.Release|Any CPU.Build.0 = Release|Any CPU
		{0671E393-4007-4FA1-876D-1DC924F6DC6A}.Release|x64.ActiveCfg = Release|Any CPU
		{0671E393-4007-4FA1-876D-1DC924F6DC6A}.Release|x64.Build.0 = Release|Any CPU
		{0671E393-4007-4FA1-876D-1DC924F6DC6A}.Release|x86.ActiveCfg = Release|Any CPU
		{0671E393-4007-4FA1-876D-1DC924F6DC6A}.Release|x86.Build.0 = Release|Any CPU
		{6FAC3B02-3F6F-4CF7-9714-A8099A63F47E}.Debug|Any CPU.ActiveCfg = Debug|Any CPU
		{6FAC3B02-3F6F-4CF7-9714-A8099A63F47E}.Debug|Any CPU.Build.0 = Debug|Any CPU
		{6FAC3B02-3F6F-4CF7-9714-A8099A63F47E}.Debug|x64.ActiveCfg = Debug|Any CPU
		{6FAC3B02-3F6F-4CF7-9714-A8099A63F47E}.Debug|x64.Build.0 = Debug|Any CPU
		{6FAC3B02-3F6F-4CF7-9714-A8099A63F47E}.Debug|x86.ActiveCfg = Debug|Any CPU
		{6FAC3B02-3F6F-4CF7-9714-A8099A63F47E}.Debug|x86.Build.0 = Debug|Any CPU
		{6FAC3B02-3F6F-4CF7-9714-A8099A63F47E}.Release|Any CPU.ActiveCfg = Release|Any CPU
		{6FAC3B02-3F6F-4CF7-9714-A8099A63F47E}.Release|Any CPU.Build.0 = Release|Any CPU
		{6FAC3B02-3F6F-4CF7-9714-A8099A63F47E}.Release|x64.ActiveCfg = Release|Any CPU
		{6FAC3B02-3F6F-4CF7-9714-A8099A63F47E}.Release|x64.Build.0 = Release|Any CPU
		{6FAC3B02-3F6F-4CF7-9714-A8099A63F47E}.Release|x86.ActiveCfg = Release|Any CPU
		{6FAC3B02-3F6F-4CF7-9714-A8099A63F47E}.Release|x86.Build.0 = Release|Any CPU
	EndGlobalSection
	GlobalSection(SolutionProperties) = preSolution
		HideSolutionNode = FALSE
	EndGlobalSection
	GlobalSection(NestedProjects) = preSolution
		{8E21DEF5-AA9D-438F-834E-83F3E3FC3988} = {827E0CD3-B72D-47B6-A68D-7590B98EB39B}
		{A1B2C3D4-E5F6-7890-ABCD-EF1234567890} = {827E0CD3-B72D-47B6-A68D-7590B98EB39B}
		{B1C2D3E4-F5A6-7890-BCDE-FA1234567890} = {827E0CD3-B72D-47B6-A68D-7590B98EB39B}
		{0E3EDEC6-DEF1-440D-B045-A034E8103927} = {827E0CD3-B72D-47B6-A68D-7590B98EB39B}
		{7FF0BB35-247F-467A-9EE7-68F3739617FE} = {0AB3BF05-4346-4AA6-1389-037BE0695223}
		{96EB35C0-DE68-4249-8DA2-39728A27365F} = {0AB3BF05-4346-4AA6-1389-037BE0695223}
		{3D14DB73-1720-4B35-B463-D734E31FC92A} = {827E0CD3-B72D-47B6-A68D-7590B98EB39B}
		{C2D3E4F5-A6B7-8901-CDEF-AB1234567890} = {827E0CD3-B72D-47B6-A68D-7590B98EB39B}
		{2E5B59AB-E5CB-45AC-BA84-1D8B00D7FD61} = {0AB3BF05-4346-4AA6-1389-037BE0695223}
		{0671E393-4007-4FA1-876D-1DC924F6DC6A} = {0AB3BF05-4346-4AA6-1389-037BE0695223}
		{6FAC3B02-3F6F-4CF7-9714-A8099A63F47E} = {827E0CD3-B72D-47B6-A68D-7590B98EB39B}
	EndGlobalSection
EndGlobal
